{
  "requires": true,
  "lockfileVersion": 1,
  "dependencies": {
    "fl-kafka-logger": {
      "version": "1.0.0",
      "resolved": "https://registry.npmjs.org/fl-kafka-logger/-/fl-kafka-logger-1.0.0.tgz",
      "integrity": "sha512-Ld1KhlyKWfitJUPqxtYbMbtNDydQmRG6Oxeh6+fZAonKSpVVjWKD1RzHp/Njg2hFwHhYzDAmtpprb41sNrx7yA=="
    }
  }
}
